
Microsoft Visual Studio Solution File, Format Version 12.00
# Visual Studio Version 17
VisualStudioVersion = 17.5.002.0
MinimumVisualStudioVersion = 10.0.40219.1
Project("{9A19103F-16F7-4668-BE54-9A1E7A4F7556}") = "APIREST", "APIREST.csproj", "{F998C235-EE18-417E-BDC9-355446ABD273}"
EndProject
Global
	GlobalSection(SolutionConfigurationPlatforms) = preSolution
		Debug|Any CPU = Debug|Any CPU
		Release|Any CPU = Release|Any CPU
	EndGlobalSection
	GlobalSection(ProjectConfigurationPlatforms) = postSolution
		{F998C235-EE18-417E-BDC9-355446ABD273}.Debug|Any CPU.ActiveCfg = Debug|Any CPU
		{F998C235-EE18-417E-BDC9-355446ABD273}.Debug|Any CPU.Build.0 = Debug|Any CPU
		{F998C235-EE18-417E-BDC9-355446ABD273}.Release|Any CPU.ActiveCfg = Release|Any CPU
		{F998C235-EE18-417E-BDC9-355446ABD273}.Release|Any CPU.Build.0 = Release|Any CPU
	EndGlobalSection
	GlobalSection(SolutionProperties) = preSolution
		HideSolutionNode = FALSE
	EndGlobalSection
	GlobalSection(ExtensibilityGlobals) = postSolution
		SolutionGuid = {7019F80E-E5E4-486F-B515-E68CFDA1780A}
	EndGlobalSection
EndGlobal
